
Microsoft Visual Studio Solution File, Format Version 12.00
# Visual Studio 2013
VisualStudioVersion = 12.0.21005.1
MinimumVisualStudioVersion = 10.0.40219.1
Project("{FAE04EC0-301F-11D3-BF4B-00C04F79EFBC}") = "Quiron.LojaVirtual.Dominio", "Quiron.LojaVirtual.Dominio\Quiron.LojaVirtual.Dominio.csproj", "{0FC5FD0D-87FD-4B15-A276-97630773987C}"
EndProject
Project("{FAE04EC0-301F-11D3-BF4B-00C04F79EFBC}") = "Quiron.LojaVirtual.Web", "Quiron.LojaVirtual.Web\Quiron.LojaVirtual.Web.csproj", "{BB3BCA40-1414-4A5D-A6F8-CFEFFFB57716}"
EndProject
Project("{FAE04EC0-301F-11D3-BF4B-00C04F79EFBC}") = "Quiron.LojaVirtual.UnitTest", "Quiron.LojaVirtual.UnitTest\Quiron.LojaVirtual.UnitTest.csproj", "{574BDB1E-D905-4A70-AAAF-EE240B13980E}"
EndProject
Global
	GlobalSection(SolutionConfigurationPlatforms) = preSolution
		Debug|Any CPU = Debug|Any CPU
		Release|Any CPU = Release|Any CPU
	EndGlobalSection
	GlobalSection(ProjectConfigurationPlatforms) = postSolution
		{0FC5FD0D-87FD-4B15-A276-97630773987C}.Debug|Any CPU.ActiveCfg = Debug|Any CPU
		{0FC5FD0D-87FD-4B15-A276-97630773987C}.Debug|Any CPU.Build.0 = Debug|Any CPU
		{0FC5FD0D-87FD-4B15-A276-97630773987C}.Release|Any CPU.ActiveCfg = Release|Any CPU
		{0FC5FD0D-87FD-4B15-A276-97630773987C}.Release|Any CPU.Build.0 = Release|Any CPU
		{BB3BCA40-1414-4A5D-A6F8-CFEFFFB57716}.Debug|Any CPU.ActiveCfg = Debug|Any CPU
		{BB3BCA40-1414-4A5D-A6F8-CFEFFFB57716}.Debug|Any CPU.Build.0 = Debug|Any CPU
		{BB3BCA40-1414-4A5D-A6F8-CFEFFFB57716}.Release|Any CPU.ActiveCfg = Release|Any CPU
		{BB3BCA40-1414-4A5D-A6F8-CFEFFFB57716}.Release|Any CPU.Build.0 = Release|Any CPU
		{574BDB1E-D905-4A70-AAAF-EE240B13980E}.Debug|Any CPU.ActiveCfg = Debug|Any CPU
		{574BDB1E-D905-4A70-AAAF-EE240B13980E}.Debug|Any CPU.Build.0 = Debug|Any CPU
		{574BDB1E-D905-4A70-AAAF-EE240B13980E}.Release|Any CPU.ActiveCfg = Release|Any CPU
		{574BDB1E-D905-4A70-AAAF-EE240B13980E}.Release|Any CPU.Build.0 = Release|Any CPU
	EndGlobalSection
	GlobalSection(SolutionProperties) = preSolution
		HideSolutionNode = FALSE
	EndGlobalSection
EndGlobal
